{
  "requires": true,
  "lockfileVersion": 1,
  "dependencies": {
    "bignumber.js": {
      "version": "8.0.2",
      "resolved": "https://registry.npmjs.org/bignumber.js/-/bignumber.js-8.0.2.tgz",
      "integrity": "sha512-EiuvFrnbv0jFixEQ9f58jo7X0qI2lNGIr/MxntmVzQc5JUweDSh8y8hbTCAomFtqwUPIOWcLXP0VEOSZTG7FFw=="
    }
  }
}
